uuid: 5ffbffb2-83bf-4dc1-a8cd-da32e802adfb
langcode: en
status: true
dependencies:
  config:
    - views.view.who_s_online
  module:
    - views
  theme:
    - custom_theme
id: custom_theme_views_block__who_s_online_who_s_online_block
theme: custom_theme
region: highlighted
weight: 0
provider: null
plugin: 'views_block:who_s_online-who_s_online_block'
settings:
  id: 'views_block:who_s_online-who_s_online_block'
  label: ''
  label_display: visible
  provider: views
  views_label: ''
  items_per_page: none
visibility: {  }
